
Microsoft Visual Studio Solution File, Format Version 12.00
# Visual Studio Version 16
VisualStudioVersion = 16.0.29215.179
MinimumVisualStudioVersion = 10.0.40219.1
Project("{FAE04EC0-301F-11D3-BF4B-00C04F79EFBC}") = "Project PV", "Project PV\Project PV.csproj", "{EA16AA26-454D-4326-ADF9-9388C652048A}"
EndProject
Global
	GlobalSection(SolutionConfigurationPlatforms) = preSolution
		Debug|Any CPU = Debug|Any CPU
		Release|Any CPU = Release|Any CPU
	EndGlobalSection
	GlobalSection(ProjectConfigurationPlatforms) = postSolution
		{EA16AA26-454D-4326-ADF9-9388C652048A}.Debug|Any CPU.ActiveCfg = Debug|Any CPU
		{EA16AA26-454D-4326-ADF9-9388C652048A}.Debug|Any CPU.Build.0 = Debug|Any CPU
		{EA16AA26-454D-4326-ADF9-9388C652048A}.Release|Any CPU.ActiveCfg = Release|Any CPU
		{EA16AA26-454D-4326-ADF9-9388C652048A}.Release|Any CPU.Build.0 = Release|Any CPU
	EndGlobalSection
	GlobalSection(SolutionProperties) = preSolution
		HideSolutionNode = FALSE
	EndGlobalSection
	GlobalSection(ExtensibilityGlobals) = postSolution
		SolutionGuid = {CB9AC8D4-E6BF-4B69-A8C5-A259D8183A6D}
	EndGlobalSection
EndGlobal
